
Microsoft Visual Studio Solution File, Format Version 12.00
# Visual Studio Version 17
VisualStudioVersion = 17.14.36804.6 d17.14
MinimumVisualStudioVersion = 10.0.40219.1
Project("{FAE04EC0-301F-11D3-BF4B-00C04F79EFBC}") = "InvoiceManager", "InvoiceManager\InvoiceManager.csproj", "{E83EDEA8-F568-4B66-BFF5-698FA1211E54}"
EndProject
Global
	GlobalSection(SolutionConfigurationPlatforms) = preSolution
		Debug|Any CPU = Debug|Any CPU
		Release|Any CPU = Release|Any CPU
	EndGlobalSection
	GlobalSection(ProjectConfigurationPlatforms) = postSolution
		{E83EDEA8-F568-4B66-BFF5-698FA1211E54}.Debug|Any CPU.ActiveCfg = Debug|Any CPU
		{E83EDEA8-F568-4B66-BFF5-698FA1211E54}.Debug|Any CPU.Build.0 = Debug|Any CPU
		{E83EDEA8-F568-4B66-BFF5-698FA1211E54}.Release|Any CPU.ActiveCfg = Release|Any CPU
		{E83EDEA8-F568-4B66-BFF5-698FA1211E54}.Release|Any CPU.Build.0 = Release|Any CPU
	EndGlobalSection
	GlobalSection(SolutionProperties) = preSolution
		HideSolutionNode = FALSE
	EndGlobalSection
	GlobalSection(ExtensibilityGlobals) = postSolution
		SolutionGuid = {3E9B7199-E66B-4D81-A85B-A31A2C2C74E2}
	EndGlobalSection
EndGlobal
